
Microsoft Visual Studio Solution File, Format Version 12.00
# Visual Studio Version 17
VisualStudioVersion = 17.13.35931.197
MinimumVisualStudioVersion = 10.0.40219.1
Project("{FAE04EC0-301F-11D3-BF4B-00C04F79EFBC}") = "Lanchonete.API", "Lanchonete.API\Lanchonete.API.csproj", "{3AB1A210-E2B6-4DB0-ADB7-4A0C20D5B702}"
EndProject
Project("{FAE04EC0-301F-11D3-BF4B-00C04F79EFBC}") = "Lanchonete.Shared", "Lanchonete.Shared\Lanchonete.Shared.csproj", "{2FB8BBBF-5CE7-4423-AFD1-DA3588500220}"
EndProject
Project("{FAE04EC0-301F-11D3-BF4B-00C04F79EFBC}") = "Lanchonete.WEB", "Lanchonete.WEB\Lanchonete.WEB.csproj", "{3C7E9158-4EB6-4A27-8A06-DA4AA6B3C127}"
EndProject
Global
	GlobalSection(SolutionConfigurationPlatforms) = preSolution
		Debug|Any CPU = Debug|Any CPU
		Release|Any CPU = Release|Any CPU
	EndGlobalSection
	GlobalSection(ProjectConfigurationPlatforms) = postSolution
		{3AB1A210-E2B6-4DB0-ADB7-4A0C20D5B702}.Debug|Any CPU.ActiveCfg = Debug|Any CPU
		{3AB1A210-E2B6-4DB0-ADB7-4A0C20D5B702}.Debug|Any CPU.Build.0 = Debug|Any CPU
		{3AB1A210-E2B6-4DB0-ADB7-4A0C20D5B702}.Release|Any CPU.ActiveCfg = Release|Any CPU
		{3AB1A210-E2B6-4DB0-ADB7-4A0C20D5B702}.Release|Any CPU.Build.0 = Release|Any CPU
		{2FB8BBBF-5CE7-4423-AFD1-DA3588500220}.Debug|Any CPU.ActiveCfg = Debug|Any CPU
		{2FB8BBBF-5CE7-4423-AFD1-DA3588500220}.Debug|Any CPU.Build.0 = Debug|Any CPU
		{2FB8BBBF-5CE7-4423-AFD1-DA3588500220}.Release|Any CPU.ActiveCfg = Release|Any CPU
		{2FB8BBBF-5CE7-4423-AFD1-DA3588500220}.Release|Any CPU.Build.0 = Release|Any CPU
		{3C7E9158-4EB6-4A27-8A06-DA4AA6B3C127}.Debug|Any CPU.ActiveCfg = Debug|Any CPU
		{3C7E9158-4EB6-4A27-8A06-DA4AA6B3C127}.Debug|Any CPU.Build.0 = Debug|Any CPU
		{3C7E9158-4EB6-4A27-8A06-DA4AA6B3C127}.Release|Any CPU.ActiveCfg = Release|Any CPU
		{3C7E9158-4EB6-4A27-8A06-DA4AA6B3C127}.Release|Any CPU.Build.0 = Release|Any CPU
	EndGlobalSection
	GlobalSection(SolutionProperties) = preSolution
		HideSolutionNode = FALSE
	EndGlobalSection
	GlobalSection(ExtensibilityGlobals) = postSolution
		SolutionGuid = {C2243B4B-521D-4CB6-9A4B-3A7034025FDF}
	EndGlobalSection
EndGlobal
